
Microsoft Visual Studio Solution File, Format Version 12.00
# Visual Studio Version 16
VisualStudioVersion = 16.0.29509.3
MinimumVisualStudioVersion = 10.0.40219.1
Project("{9A19103F-16F7-4668-BE54-9A1E7A4F7556}") = "ConsoleInterface", "ConsoleInterface\ConsoleInterface.csproj", "{EA429F06-E738-437E-A7CD-897DFD3B464A}"
EndProject
Project("{FAE04EC0-301F-11D3-BF4B-00C04F79EFBC}") = "IDv2", "IDv2\IDv2.csproj", "{282F888B-6A0E-42E5-BFCC-0DD301AB50F3}"
EndProject
Global
	GlobalSection(SolutionConfigurationPlatforms) = preSolution
		Debug|Any CPU = Debug|Any CPU
		Release|Any CPU = Release|Any CPU
	EndGlobalSection
	GlobalSection(ProjectConfigurationPlatforms) = postSolution
		{EA429F06-E738-437E-A7CD-897DFD3B464A}.Debug|Any CPU.ActiveCfg = Debug|Any CPU
		{EA429F06-E738-437E-A7CD-897DFD3B464A}.Debug|Any CPU.Build.0 = Debug|Any CPU
		{EA429F06-E738-437E-A7CD-897DFD3B464A}.Release|Any CPU.ActiveCfg = Release|Any CPU
		{EA429F06-E738-437E-A7CD-897DFD3B464A}.Release|Any CPU.Build.0 = Release|Any CPU
		{282F888B-6A0E-42E5-BFCC-0DD301AB50F3}.Debug|Any CPU.ActiveCfg = Debug|Any CPU
		{282F888B-6A0E-42E5-BFCC-0DD301AB50F3}.Debug|Any CPU.Build.0 = Debug|Any CPU
		{282F888B-6A0E-42E5-BFCC-0DD301AB50F3}.Release|Any CPU.ActiveCfg = Release|Any CPU
		{282F888B-6A0E-42E5-BFCC-0DD301AB50F3}.Release|Any CPU.Build.0 = Release|Any CPU
	EndGlobalSection
	GlobalSection(SolutionProperties) = preSolution
		HideSolutionNode = FALSE
	EndGlobalSection
	GlobalSection(ExtensibilityGlobals) = postSolution
		SolutionGuid = {2D37A4C0-3FCB-4296-BE29-E9B775BC6DEA}
	EndGlobalSection
EndGlobal
